// !$*UTF8*$!
{
	archiveVersion = 1;
	classes = {
	};
	objectVersion = 77;
	objects = {

/* Begin PBXBuildFile section */
		D68D6D8E2CF0712C0068E788 /* libz.1.2.5.tbd in Frameworks */ = {isa = PBXBuildFile; fileRef = D68D6D862CF0712C0068E788 /* libz.1.2.5.tbd */; };
		D68D6D8F2CF0712C0068E788 /* libz.1.1.3.tbd in Frameworks */ = {isa = PBXBuildFile; fileRef = D68D6D872CF0712C0068E788 /* libz.1.1.3.tbd */; };
		D68D6D902CF0712C0068E788 /* libz.tbd in Frameworks */ = {isa = PBXBuildFile; fileRef = D68D6D882CF0712C0068E788 /* libz.tbd */; };
		D68D6D912CF0712C0068E788 /* libz.1.2.8.tbd in Frameworks */ = {isa = PBXBuildFile; fileRef = D68D6D892CF0712C0068E788 /* libz.1.2.8.tbd */; };
		D68D6D922CF0712C0068E788 /* libz.1.2.11.tbd in Frameworks */ = {isa = PBXBuildFile; fileRef = D68D6D8A2CF0712C0068E788 /* libz.1.2.11.tbd */; };
		D68D6D932CF0712C0068E788 /* libz.1.tbd in Frameworks */ = {isa = PBXBuildFile; fileRef = D68D6D8B2CF0712C0068E788 /* libz.1.tbd */; };
		D68D6D942CF0712C0068E788 /* libZW.tbd in Frameworks */ = {isa = PBXBuildFile; fileRef = D68D6D8C2CF0712C0068E788 /* libZW.tbd */; };
		D68D6D952CF0712C0068E788 /* libz.1.2.12.tbd in Frameworks */ = {isa = PBXBuildFile; fileRef = D68D6D8D2CF0712C0068E788 /* libz.1.2.12.tbd */; };
/* End PBXBuildFile section */

/* Begin PBXContainerItemProxy section */
		D665182A2CEFF5BE00C5EB7B /* PBXContainerItemProxy */ = {
			isa = PBXContainerItemProxy;
			containerPortal = D66518102CEFF5BC00C5EB7B /* Project object */;
			proxyType = 1;
			remoteGlobalIDString = D66518172CEFF5BC00C5EB7B;
			remoteInfo = SwiftUICompression;
		};
		D66518342CEFF5BE00C5EB7B /* PBXContainerItemProxy */ = {
			isa = PBXContainerItemProxy;
			containerPortal = D66518102CEFF5BC00C5EB7B /* Project object */;
			proxyType = 1;
			remoteGlobalIDString = D66518172CEFF5BC00C5EB7B;
			remoteInfo = SwiftUICompression;
		};
/* End PBXContainerItemProxy section */

/* Begin PBXFileReference section */
		D66518182CEFF5BC00C5EB7B /* SwiftUICompression.app */ = {isa = PBXFileReference; explicitFileType = wrapper.application; includeInIndex = 0; path = SwiftUICompression.app; sourceTree = BUILT_PRODUCTS_DIR; };
		D66518292CEFF5BE00C5EB7B /* SwiftUICompressionTests.xctest */ = {isa = PBXFileReference; explicitFileType = wrapper.cfbundle; includeInIndex = 0; path = SwiftUICompressionTests.xctest; sourceTree = BUILT_PRODUCTS_DIR; };
		D66518332CEFF5BE00C5EB7B /* SwiftUICompressionUITests.xctest */ = {isa = PBXFileReference; explicitFileType = wrapper.cfbundle; includeInIndex = 0; path = SwiftUICompressionUITests.xctest; sourceTree = BUILT_PRODUCTS_DIR; };
		D68D6D862CF0712C0068E788 /* libz.1.2.5.tbd */ = {isa = PBXFileReference; lastKnownFileType = "sourcecode.text-based-dylib-definition"; name = libz.1.2.5.tbd; path = usr/lib/libz.1.2.5.tbd; sourceTree = SDKROOT; };
		D68D6D872CF0712C0068E788 /* libz.1.1.3.tbd */ = {isa = PBXFileReference; lastKnownFileType = "sourcecode.text-based-dylib-definition"; name = libz.1.1.3.tbd; path = usr/lib/libz.1.1.3.tbd; sourceTree = SDKROOT; };
		D68D6D882CF0712C0068E788 /* libz.tbd */ = {isa = PBXFileReference; lastKnownFileType = "sourcecode.text-based-dylib-definition"; name = libz.tbd; path = usr/lib/libz.tbd; sourceTree = SDKROOT; };
		D68D6D892CF0712C0068E788 /* libz.1.2.8.tbd */ = {isa = PBXFileReference; lastKnownFileType = "sourcecode.text-based-dylib-definition"; name = libz.1.2.8.tbd; path = usr/lib/libz.1.2.8.tbd; sourceTree = SDKROOT; };
		D68D6D8A2CF0712C0068E788 /* libz.1.2.11.tbd */ = {isa = PBXFileReference; lastKnownFileType = "sourcecode.text-based-dylib-definition"; name = libz.1.2.11.tbd; path = usr/lib/libz.1.2.11.tbd; sourceTree = SDKROOT; };
		D68D6D8B2CF0712C0068E788 /* libz.1.tbd */ = {isa = PBXFileReference; lastKnownFileType = "sourcecode.text-based-dylib-definition"; name = libz.1.tbd; path = usr/lib/libz.1.tbd; sourceTree = SDKROOT; };
		D68D6D8C2CF0712C0068E788 /* libZW.tbd */ = {isa = PBXFileReference; lastKnownFileType = "sourcecode.text-based-dylib-definition"; name = libZW.tbd; path = usr/lib/i18n/libZW.tbd; sourceTree = SDKROOT; };
		D68D6D8D2CF0712C0068E788 /* libz.1.2.12.tbd */ = {isa = PBXFileReference; lastKnownFileType = "sourcecode.text-based-dylib-definition"; name = libz.1.2.12.tbd; path = usr/lib/libz.1.2.12.tbd; sourceTree = SDKROOT; };
/* End PBXFileReference section */

/* Begin PBXFileSystemSynchronizedRootGroup section */
		D665181A2CEFF5BC00C5EB7B /* SwiftUICompression */ = {
			isa = PBXFileSystemSynchronizedRootGroup;
			path = SwiftUICompression;
			sourceTree = "<group>";
		};
		D665182C2CEFF5BE00C5EB7B /* SwiftUICompressionTests */ = {
			isa = PBXFileSystemSynchronizedRootGroup;
			path = SwiftUICompressionTests;
			sourceTree = "<group>";
		};
		D66518362CEFF5BE00C5EB7B /* SwiftUICompressionUITests */ = {
			isa = PBXFileSystemSynchronizedRootGroup;
			path = SwiftUICompressionUITests;
			sourceTree = "<group>";
		};
/* End PBXFileSystemSynchronizedRootGroup section */

/* Begin PBXFrameworksBuildPhase section */
		D66518152CEFF5BC00C5EB7B /* Frameworks */ = {
			isa = PBXFrameworksBuildPhase;
			buildActionMask = 2147483647;
			files = (
				D68D6D8E2CF0712C0068E788 /* libz.1.2.5.tbd in Frameworks */,
				D68D6D8F2CF0712C0068E788 /* libz.1.1.3.tbd in Frameworks */,
				D68D6D902CF0712C0068E788 /* libz.tbd in Frameworks */,
				D68D6D912CF0712C0068E788 /* libz.1.2.8.tbd in Frameworks */,
				D68D6D922CF0712C0068E788 /* libz.1.2.11.tbd in Frameworks */,
				D68D6D932CF0712C0068E788 /* libz.1.tbd in Frameworks */,
				D68D6D942CF0712C0068E788 /* libZW.tbd in Frameworks */,
				D68D6D952CF0712C0068E788 /* libz.1.2.12.tbd in Frameworks */,
			);
			runOnlyForDeploymentPostprocessing = 0;
		};
		D66518262CEFF5BE00C5EB7B /* Frameworks */ = {
			isa = PBXFrameworksBuildPhase;
			buildActionMask = 2147483647;
			files = (
			);
			runOnlyForDeploymentPostprocessing = 0;
		};
		D66518302CEFF5BE00C5EB7B /* Frameworks */ = {
			isa = PBXFrameworksBuildPhase;
			buildActionMask = 2147483647;
			files = (
			);
			runOnlyForDeploymentPostprocessing = 0;
		};
/* End PBXFrameworksBuildPhase section */

/* Begin PBXGroup section */
		D665180F2CEFF5BC00C5EB7B = {
			isa = PBXGroup;
			children = (
				D665181A2CEFF5BC00C5EB7B /* SwiftUICompression */,
				D665182C2CEFF5BE00C5EB7B /* SwiftUICompressionTests */,
				D66518362CEFF5BE00C5EB7B /* SwiftUICompressionUITests */,
				D68D6D852CF0712C0068E788 /* Frameworks */,
				D66518192CEFF5BC00C5EB7B /* Products */,
			);
			sourceTree = "<group>";
		};
		D66518192CEFF5BC00C5EB7B /* Products */ = {
			isa = PBXGroup;
			children = (
				D66518182CEFF5BC00C5EB7B /* SwiftUICompression.app */,
				D66518292CEFF5BE00C5EB7B /* SwiftUICompressionTests.xctest */,
				D66518332CEFF5BE00C5EB7B /* SwiftUICompressionUITests.xctest */,
			);
			name = Products;
			sourceTree = "<group>";
		};
		D68D6D852CF0712C0068E788 /* Frameworks */ = {
			isa = PBXGroup;
			children = (
				D68D6D882CF0712C0068E788 /* libz.tbd */,
				D68D6D8B2CF0712C0068E788 /* libz.1.tbd */,
				D68D6D872CF0712C0068E788 /* libz.1.1.3.tbd */,
				D68D6D862CF0712C0068E788 /* libz.1.2.5.tbd */,
				D68D6D892CF0712C0068E788 /* libz.1.2.8.tbd */,
				D68D6D8A2CF0712C0068E788 /* libz.1.2.11.tbd */,
				D68D6D8D2CF0712C0068E788 /* libz.1.2.12.tbd */,
				D68D6D8C2CF0712C0068E788 /* libZW.tbd */,
			);
			name = Frameworks;
			sourceTree = "<group>";
		};
/* End PBXGroup section */

/* Begin PBXNativeTarget section */
		D66518172CEFF5BC00C5EB7B /* SwiftUICompression */ = {
			isa = PBXNativeTarget;
			buildConfigurationList = D665183D2CEFF5BE00C5EB7B /* Build configuration list for PBXNativeTarget "SwiftUICompression" */;
			buildPhases = (
				D66518142CEFF5BC00C5EB7B /* Sources */,
				D66518152CEFF5BC00C5EB7B /* Frameworks */,
				D66518162CEFF5BC00C5EB7B /* Resources */,
			);
			buildRules = (
			);
			dependencies = (
			);
			fileSystemSynchronizedGroups = (
				D665181A2CEFF5BC00C5EB7B /* SwiftUICompression */,
			);
			name = SwiftUICompression;
			packageProductDependencies = (
			);
			productName = SwiftUICompression;
			productReference = D66518182CEFF5BC00C5EB7B /* SwiftUICompression.app */;
			productType = "com.apple.product-type.application";
		};
		D66518282CEFF5BE00C5EB7B /* SwiftUICompressionTests */ = {
			isa = PBXNativeTarget;
			buildConfigurationList = D66518402CEFF5BE00C5EB7B /* Build configuration list for PBXNativeTarget "SwiftUICompressionTests" */;
			buildPhases = (
				D66518252CEFF5BE00C5EB7B /* Sources */,
				D66518262CEFF5BE00C5EB7B /* Frameworks */,
				D66518272CEFF5BE00C5EB7B /* Resources */,
			);
			buildRules = (
			);
			dependencies = (
				D665182B2CEFF5BE00C5EB7B /* PBXTargetDependency */,
			);
			fileSystemSynchronizedGroups = (
				D665182C2CEFF5BE00C5EB7B /* SwiftUICompressionTests */,
			);
			name = SwiftUICompressionTests;
			packageProductDependencies = (
			);
			productName = SwiftUICompressionTests;
			productReference = D66518292CEFF5BE00C5EB7B /* SwiftUICompressionTests.xctest */;
			productType = "com.apple.product-type.bundle.unit-test";
		};
		D66518322CEFF5BE00C5EB7B /* SwiftUICompressionUITests */ = {
			isa = PBXNativeTarget;
			buildConfigurationList = D66518432CEFF5BE00C5EB7B /* Build configuration list for PBXNativeTarget "SwiftUICompressionUITests" */;
			buildPhases = (
				D665182F2CEFF5BE00C5EB7B /* Sources */,
				D66518302CEFF5BE00C5EB7B /* Frameworks */,
				D66518312CEFF5BE00C5EB7B /* Resources */,
			);
			buildRules = (
			);
			dependencies = (
				D66518352CEFF5BE00C5EB7B /* PBXTargetDependency */,
			);
			fileSystemSynchronizedGroups = (
				D66518362CEFF5BE00C5EB7B /* SwiftUICompressionUITests */,
			);
			name = SwiftUICompressionUITests;
			packageProductDependencies = (
			);
			productName = SwiftUICompressionUITests;
			productReference = D66518332CEFF5BE00C5EB7B /* SwiftUICompressionUITests.xctest */;
			productType = "com.apple.product-type.bundle.ui-testing";
		};
/* End PBXNativeTarget section */

/* Begin PBXProject section */
		D66518102CEFF5BC00C5EB7B /* Project object */ = {
			isa = PBXProject;
			attributes = {
				BuildIndependentTargetsInParallel = 1;
				LastSwiftUpdateCheck = 1610;
				LastUpgradeCheck = 1610;
				TargetAttributes = {
					D66518172CEFF5BC00C5EB7B = {
						CreatedOnToolsVersion = 16.1;
					};
					D66518282CEFF5BE00C5EB7B = {
						CreatedOnToolsVersion = 16.1;
						TestTargetID = D66518172CEFF5BC00C5EB7B;
					};
					D66518322CEFF5BE00C5EB7B = {
						CreatedOnToolsVersion = 16.1;
						TestTargetID = D66518172CEFF5BC00C5EB7B;
					};
				};
			};
			buildConfigurationList = D66518132CEFF5BC00C5EB7B /* Build configuration list for PBXProject "SwiftUICompression" */;
			developmentRegion = en;
			hasScannedForEncodings = 0;
			knownRegions = (
				en,
				Base,
			);
			mainGroup = D665180F2CEFF5BC00C5EB7B;
			minimizedProjectReferenceProxies = 1;
			preferredProjectObjectVersion = 77;
			productRefGroup = D66518192CEFF5BC00C5EB7B /* Products */;
			projectDirPath = "";
			projectRoot = "";
			targets = (
				D66518172CEFF5BC00C5EB7B /* SwiftUICompression */,
				D66518282CEFF5BE00C5EB7B /* SwiftUICompressionTests */,
				D66518322CEFF5BE00C5EB7B /* SwiftUICompressionUITests */,
			);
		};
/* End PBXProject section */

/* Begin PBXResourcesBuildPhase section */
		D66518162CEFF5BC00C5EB7B /* Resources */ = {
			isa = PBXResourcesBuildPhase;
			buildActionMask = 2147483647;
			files = (
			);
			runOnlyForDeploymentPostprocessing = 0;
		};
		D66518272CEFF5BE00C5EB7B /* Resources */ = {
			isa = PBXResourcesBuildPhase;
			buildActionMask = 2147483647;
			files = (
			);
			runOnlyForDeploymentPostprocessing = 0;
		};
		D66518312CEFF5BE00C5EB7B /* Resources */ = {
			isa = PBXResourcesBuildPhase;
			buildActionMask = 2147483647;
			files = (
			);
			runOnlyForDeploymentPostprocessing = 0;
		};
/* End PBXResourcesBuildPhase section */

/* Begin PBXSourcesBuildPhase section */
		D66518142CEFF5BC00C5EB7B /* Sources */ = {
			isa = PBXSourcesBuildPhase;
			buildActionMask = 2147483647;
			files = (
			);
			runOnlyForDeploymentPostprocessing = 0;
		};
		D66518252CEFF5BE00C5EB7B /* Sources */ = {
			isa = PBXSourcesBuildPhase;
			buildActionMask = 2147483647;
			files = (
			);
			runOnlyForDeploymentPostprocessing = 0;
		};
		D665182F2CEFF5BE00C5EB7B /* Sources */ = {
			isa = PBXSourcesBuildPhase;
			buildActionMask = 2147483647;
			files = (
			);
			runOnlyForDeploymentPostprocessing = 0;
		};
/* End PBXSourcesBuildPhase section */

/* Begin PBXTargetDependency section */
		D665182B2CEFF5BE00C5EB7B /* PBXTargetDependency */ = {
			isa = PBXTargetDependency;
			target = D66518172CEFF5BC00C5EB7B /* SwiftUICompression */;
			targetProxy = D665182A2CEFF5BE00C5EB7B /* PBXContainerItemProxy */;
		};
		D66518352CEFF5BE00C5EB7B /* PBXTargetDependency */ = {
			isa = PBXTargetDependency;
			target = D66518172CEFF5BC00C5EB7B /* SwiftUICompression */;
			targetProxy = D66518342CEFF5BE00C5EB7B /* PBXContainerItemProxy */;
		};
/* End PBXTargetDependency section */

/* Begin XCBuildConfiguration section */
		D665183B2CEFF5BE00C5EB7B /* Debug */ = {
			isa = XCBuildConfiguration;
			buildSettings = {
				ALWAYS_SEARCH_USER_PATHS = NO;
				ASSETCATALOG_COMPILER_GENERATE_SWIFT_ASSET_SYMBOL_EXTENSIONS = YES;
				CLANG_ANALYZER_NONNULL = YES;
				CLANG_ANALYZER_NUMBER_OBJECT_CONVERSION = YES_AGGRESSIVE;
				CLANG_CXX_LANGUAGE_STANDARD = "gnu++20";
				CLANG_ENABLE_MODULES = YES;
				CLANG_ENABLE_OBJC_ARC = YES;
				CLANG_ENABLE_OBJC_WEAK = YES;
				CLANG_WARN_BLOCK_CAPTURE_AUTORELEASING = YES;
				CLANG_WARN_BOOL_CONVERSION = YES;
				CLANG_WARN_COMMA = YES;
				CLANG_WARN_CONSTANT_CONVERSION = YES;
				CLANG_WARN_DEPRECATED_OBJC_IMPLEMENTATIONS = YES;
				CLANG_WARN_DIRECT_OBJC_ISA_USAGE = YES_ERROR;
				CLANG_WARN_DOCUMENTATION_COMMENTS = YES;
				CLANG_WARN_EMPTY_BODY = YES;
				CLANG_WARN_ENUM_CONVERSION = YES;
				CLANG_WARN_INFINITE_RECURSION = YES;
				CLANG_WARN_INT_CONVERSION = YES;
				CLANG_WARN_NON_LITERAL_NULL_CONVERSION = YES;
				CLANG_WARN_OBJC_IMPLICIT_RETAIN_SELF = YES;
				CLANG_WARN_OBJC_LITERAL_CONVERSION = YES;
				CLANG_WARN_OBJC_ROOT_CLASS = YES_ERROR;
				CLANG_WARN_QUOTED_INCLUDE_IN_FRAMEWORK_HEADER = YES;
				CLANG_WARN_RANGE_LOOP_ANALYSIS = YES;
				CLANG_WARN_STRICT_PROTOTYPES = YES;
				CLANG_WARN_SUSPICIOUS_MOVE = YES;
				CLANG_WARN_UNGUARDED_AVAILABILITY = YES_AGGRESSIVE;
				CLANG_WARN_UNREACHABLE_CODE = YES;
				CLANG_WARN__DUPLICATE_METHOD_MATCH = YES;
				COPY_PHASE_STRIP = NO;
				DEBUG_INFORMATION_FORMAT = dwarf;
				ENABLE_STRICT_OBJC_MSGSEND = YES;
				ENABLE_TESTABILITY = YES;
				ENABLE_USER_SCRIPT_SANDBOXING = YES;
				GCC_C_LANGUAGE_STANDARD = gnu17;
				GCC_DYNAMIC_NO_PIC = NO;
				GCC_NO_COMMON_BLOCKS = YES;
				GCC_OPTIMIZATION_LEVEL = 0;
				GCC_PREPROCESSOR_DEFINITIONS = (
					"DEBUG=1",
					"$(inherited)",
				);
				GCC_WARN_64_TO_32_BIT_CONVERSION = YES;
				GCC_WARN_ABOUT_RETURN_TYPE = YES_ERROR;
				GCC_WARN_UNDECLARED_SELECTOR = YES;
				GCC_WARN_UNINITIALIZED_AUTOS = YES_AGGRESSIVE;
				GCC_WARN_UNUSED_FUNCTION = YES;
				GCC_WARN_UNUSED_VARIABLE = YES;
				LOCALIZATION_PREFERS_STRING_CATALOGS = YES;
				MACOSX_DEPLOYMENT_TARGET = 15.0;
				MTL_ENABLE_DEBUG_INFO = INCLUDE_SOURCE;
				MTL_FAST_MATH = YES;
				ONLY_ACTIVE_ARCH = YES;
				SDKROOT = macosx;
				SWIFT_ACTIVE_COMPILATION_CONDITIONS = "DEBUG $(inherited)";
				SWIFT_OPTIMIZATION_LEVEL = "-Onone";
			};
			name = Debug;
		};
		D665183C2CEFF5BE00C5EB7B /* Release */ = {
			isa = XCBuildConfiguration;
			buildSettings = {
				ALWAYS_SEARCH_USER_PATHS = NO;
				ASSETCATALOG_COMPILER_GENERATE_SWIFT_ASSET_SYMBOL_EXTENSIONS = YES;
				CLANG_ANALYZER_NONNULL = YES;
				CLANG_ANALYZER_NUMBER_OBJECT_CONVERSION = YES_AGGRESSIVE;
				CLANG_CXX_LANGUAGE_STANDARD = "gnu++20";
				CLANG_ENABLE_MODULES = YES;
				CLANG_ENABLE_OBJC_ARC = YES;
				CLANG_ENABLE_OBJC_WEAK = YES;
				CLANG_WARN_BLOCK_CAPTURE_AUTORELEASING = YES;
				CLANG_WARN_BOOL_CONVERSION = YES;
				CLANG_WARN_COMMA = YES;
				CLANG_WARN_CONSTANT_CONVERSION = YES;
				CLANG_WARN_DEPRECATED_OBJC_IMPLEMENTATIONS = YES;
				CLANG_WARN_DIRECT_OBJC_ISA_USAGE = YES_ERROR;
				CLANG_WARN_DOCUMENTATION_COMMENTS = YES;
				CLANG_WARN_EMPTY_BODY = YES;
				CLANG_WARN_ENUM_CONVERSION = YES;
				CLANG_WARN_INFINITE_RECURSION = YES;
				CLANG_WARN_INT_CONVERSION = YES;
				CLANG_WARN_NON_LITERAL_NULL_CONVERSION = YES;
				CLANG_WARN_OBJC_IMPLICIT_RETAIN_SELF = YES;
				CLANG_WARN_OBJC_LITERAL_CONVERSION = YES;
				CLANG_WARN_OBJC_ROOT_CLASS = YES_ERROR;
				CLANG_WARN_QUOTED_INCLUDE_IN_FRAMEWORK_HEADER = YES;
				CLANG_WARN_RANGE_LOOP_ANALYSIS = YES;
				CLANG_WARN_STRICT_PROTOTYPES = YES;
				CLANG_WARN_SUSPICIOUS_MOVE = YES;
				CLANG_WARN_UNGUARDED_AVAILABILITY = YES_AGGRESSIVE;
				CLANG_WARN_UNREACHABLE_CODE = YES;
				CLANG_WARN__DUPLICATE_METHOD_MATCH = YES;
				COPY_PHASE_STRIP = NO;
				DEBUG_INFORMATION_FORMAT = "dwarf-with-dsym";
				ENABLE_NS_ASSERTIONS = NO;
				ENABLE_STRICT_OBJC_MSGSEND = YES;
				ENABLE_USER_SCRIPT_SANDBOXING = YES;
				GCC_C_LANGUAGE_STANDARD = gnu17;
				GCC_NO_COMMON_BLOCKS = YES;
				GCC_WARN_64_TO_32_BIT_CONVERSION = YES;
				GCC_WARN_ABOUT_RETURN_TYPE = YES_ERROR;
				GCC_WARN_UNDECLARED_SELECTOR = YES;
				GCC_WARN_UNINITIALIZED_AUTOS = YES_AGGRESSIVE;
				GCC_WARN_UNUSED_FUNCTION = YES;
				GCC_WARN_UNUSED_VARIABLE = YES;
				LOCALIZATION_PREFERS_STRING_CATALOGS = YES;
				MACOSX_DEPLOYMENT_TARGET = 15.0;
				MTL_ENABLE_DEBUG_INFO = NO;
				MTL_FAST_MATH = YES;
				SDKROOT = macosx;
				SWIFT_COMPILATION_MODE = wholemodule;
			};
			name = Release;
		};
		D665183E2CEFF5BE00C5EB7B /* Debug */ = {
			isa = XCBuildConfiguration;
			buildSettings = {
				ASSETCATALOG_COMPILER_APPICON_NAME = AppIcon;
				ASSETCATALOG_COMPILER_GLOBAL_ACCENT_COLOR_NAME = AccentColor;
				CODE_SIGN_ENTITLEMENTS = SwiftUICompression/SwiftUICompression.entitlements;
				CODE_SIGN_STYLE = Automatic;
				COMBINE_HIDPI_IMAGES = YES;
				CURRENT_PROJECT_VERSION = 1;
				DEVELOPMENT_ASSET_PATHS = "\"SwiftUICompression/Preview Content\"";
				DEVELOPMENT_TEAM = K6LJCT8RAA;
				ENABLE_HARDENED_RUNTIME = YES;
				ENABLE_PREVIEWS = YES;
				GENERATE_INFOPLIST_FILE = YES;
				INFOPLIST_KEY_NSHumanReadableCopyright = "";
				LD_RUNPATH_SEARCH_PATHS = (
					"$(inherited)",
					"@executable_path/../Frameworks",
				);
				LIBRARY_SEARCH_PATHS = (
					"$(inherited)",
					"$(SDKROOT)/usr/lib/i18n",
				);
				MARKETING_VERSION = 1.0;
				PRODUCT_BUNDLE_IDENTIFIER = com.template.SwiftUICompression;
				PRODUCT_NAME = "$(TARGET_NAME)";
				SWIFT_EMIT_LOC_STRINGS = YES;
				SWIFT_VERSION = 5.0;
			};
			name = Debug;
		};
		D665183F2CEFF5BE00C5EB7B /* Release */ = {
			isa = XCBuildConfiguration;
			buildSettings = {
				ASSETCATALOG_COMPILER_APPICON_NAME = AppIcon;
				ASSETCATALOG_COMPILER_GLOBAL_ACCENT_COLOR_NAME = AccentColor;
				CODE_SIGN_ENTITLEMENTS = SwiftUICompression/SwiftUICompression.entitlements;
				CODE_SIGN_STYLE = Automatic;
				COMBINE_HIDPI_IMAGES = YES;
				CURRENT_PROJECT_VERSION = 1;
				DEVELOPMENT_ASSET_PATHS = "\"SwiftUICompression/Preview Content\"";
				DEVELOPMENT_TEAM = K6LJCT8RAA;
				ENABLE_HARDENED_RUNTIME = YES;
				ENABLE_PREVIEWS = YES;
				GENERATE_INFOPLIST_FILE = YES;
				INFOPLIST_KEY_NSHumanReadableCopyright = "";
				LD_RUNPATH_SEARCH_PATHS = (
					"$(inherited)",
					"@executable_path/../Frameworks",
				);
				LIBRARY_SEARCH_PATHS = (
					"$(inherited)",
					"$(SDKROOT)/usr/lib/i18n",
				);
				MARKETING_VERSION = 1.0;
				PRODUCT_BUNDLE_IDENTIFIER = com.template.SwiftUICompression;
				PRODUCT_NAME = "$(TARGET_NAME)";
				SWIFT_EMIT_LOC_STRINGS = YES;
				SWIFT_VERSION = 5.0;
			};
			name = Release;
		};
		D66518412CEFF5BE00C5EB7B /* Debug */ = {
			isa = XCBuildConfiguration;
			buildSettings = {
				BUNDLE_LOADER = "$(TEST_HOST)";
				CODE_SIGN_STYLE = Automatic;
				CURRENT_PROJECT_VERSION = 1;
				DEVELOPMENT_TEAM = K6LJCT8RAA;
				GENERATE_INFOPLIST_FILE = YES;
				MACOSX_DEPLOYMENT_TARGET = 15.0;
				MARKETING_VERSION = 1.0;
				PRODUCT_BUNDLE_IDENTIFIER = com.template.SwiftUICompressionTests;
				PRODUCT_NAME = "$(TARGET_NAME)";
				SWIFT_EMIT_LOC_STRINGS = NO;
				SWIFT_VERSION = 5.0;
				TEST_HOST = "$(BUILT_PRODUCTS_DIR)/SwiftUICompression.app/$(BUNDLE_EXECUTABLE_FOLDER_PATH)/SwiftUICompression";
			};
			name = Debug;
		};
		D66518422CEFF5BE00C5EB7B /* Release */ = {
			isa = XCBuildConfiguration;
			buildSettings = {
				BUNDLE_LOADER = "$(TEST_HOST)";
				CODE_SIGN_STYLE = Automatic;
				CURRENT_PROJECT_VERSION = 1;
				DEVELOPMENT_TEAM = K6LJCT8RAA;
				GENERATE_INFOPLIST_FILE = YES;
				MACOSX_DEPLOYMENT_TARGET = 15.0;
				MARKETING_VERSION = 1.0;
				PRODUCT_BUNDLE_IDENTIFIER = com.template.SwiftUICompressionTests;
				PRODUCT_NAME = "$(TARGET_NAME)";
				SWIFT_EMIT_LOC_STRINGS = NO;
				SWIFT_VERSION = 5.0;
				TEST_HOST = "$(BUILT_PRODUCTS_DIR)/SwiftUICompression.app/$(BUNDLE_EXECUTABLE_FOLDER_PATH)/SwiftUICompression";
			};
			name = Release;
		};
		D66518442CEFF5BE00C5EB7B /* Debug */ = {
			isa = XCBuildConfiguration;
			buildSettings = {
				CODE_SIGN_STYLE = Automatic;
				CURRENT_PROJECT_VERSION = 1;
				DEVELOPMENT_TEAM = K6LJCT8RAA;
				GENERATE_INFOPLIST_FILE = YES;
				MARKETING_VERSION = 1.0;
				PRODUCT_BUNDLE_IDENTIFIER = com.template.SwiftUICompressionUITests;
				PRODUCT_NAME = "$(TARGET_NAME)";
				SWIFT_EMIT_LOC_STRINGS = NO;
				SWIFT_VERSION = 5.0;
				TEST_TARGET_NAME = SwiftUICompression;
			};
			name = Debug;
		};
		D66518452CEFF5BE00C5EB7B /* Release */ = {
			isa = XCBuildConfiguration;
			buildSettings = {
				CODE_SIGN_STYLE = Automatic;
				CURRENT_PROJECT_VERSION = 1;
				DEVELOPMENT_TEAM = K6LJCT8RAA;
				GENERATE_INFOPLIST_FILE = YES;
				MARKETING_VERSION = 1.0;
				PRODUCT_BUNDLE_IDENTIFIER = com.template.SwiftUICompressionUITests;
				PRODUCT_NAME = "$(TARGET_NAME)";
				SWIFT_EMIT_LOC_STRINGS = NO;
				SWIFT_VERSION = 5.0;
				TEST_TARGET_NAME = SwiftUICompression;
			};
			name = Release;
		};
/* End XCBuildConfiguration section */

/* Begin XCConfigurationList section */
		D66518132CEFF5BC00C5EB7B /* Build configuration list for PBXProject "SwiftUICompression" */ = {
			isa = XCConfigurationList;
			buildConfigurations = (
				D665183B2CEFF5BE00C5EB7B /* Debug */,
				D665183C2CEFF5BE00C5EB7B /* Release */,
			);
			defaultConfigurationIsVisible = 0;
			defaultConfigurationName = Release;
		};
		D665183D2CEFF5BE00C5EB7B /* Build configuration list for PBXNativeTarget "SwiftUICompression" */ = {
			isa = XCConfigurationList;
			buildConfigurations = (
				D665183E2CEFF5BE00C5EB7B /* Debug */,
				D665183F2CEFF5BE00C5EB7B /* Release */,
			);
			defaultConfigurationIsVisible = 0;
			defaultConfigurationName = Release;
		};
		D66518402CEFF5BE00C5EB7B /* Build configuration list for PBXNativeTarget "SwiftUICompressionTests" */ = {
			isa = XCConfigurationList;
			buildConfigurations = (
				D66518412CEFF5BE00C5EB7B /* Debug */,
				D66518422CEFF5BE00C5EB7B /* Release */,
			);
			defaultConfigurationIsVisible = 0;
			defaultConfigurationName = Release;
		};
		D66518432CEFF5BE00C5EB7B /* Build configuration list for PBXNativeTarget "SwiftUICompressionUITests" */ = {
			isa = XCConfigurationList;
			buildConfigurations = (
				D66518442CEFF5BE00C5EB7B /* Debug */,
				D66518452CEFF5BE00C5EB7B /* Release */,
			);
			defaultConfigurationIsVisible = 0;
			defaultConfigurationName = Release;
		};
/* End XCConfigurationList section */
	};
	rootObject = D66518102CEFF5BC00C5EB7B /* Project object */;
}
